// !$*UTF8*$!
{
	archiveVersion = 1;
	classes = {
	};
	objectVersion = 50;
	objects = {

/* Begin PBXBuildFile section */
		7BFB0586B416D14703C4D13C /* libPods-JC_Notes.a in Frameworks */ = {isa = PBXBuildFile; fileRef = 3952D5BDE4ECB4551DE41149 /* libPods-JC_Notes.a */; };
		BA173C66247FA23C00A40BA0 /* UIView+JCLayout.m in Sources */ = {isa = PBXBuildFile; fileRef = BA173C61247FA23C00A40BA0 /* UIView+JCLayout.m */; };
		BA173C67247FA23C00A40BA0 /* JCBannerView.m in Sources */ = {isa = PBXBuildFile; fileRef = BA173C62247FA23C00A40BA0 /* JCBannerView.m */; };
		BA173C68247FA23C00A40BA0 /* JCPageControlView.m in Sources */ = {isa = PBXBuildFile; fileRef = BA173C63247FA23C00A40BA0 /* JCPageControlView.m */; };
		BA173C8C247FA85F00A40BA0 /* JCBannerViewController.m in Sources */ = {isa = PBXBuildFile; fileRef = BA173C8B247FA85F00A40BA0 /* JCBannerViewController.m */; };
		BA173C8F247FA87C00A40BA0 /* CategorySwitchViewController.m in Sources */ = {isa = PBXBuildFile; fileRef = BA173C8E247FA87C00A40BA0 /* CategorySwitchViewController.m */; };
		BA173C92247FA89000A40BA0 /* CategorySwitchListViewController.m in Sources */ = {isa = PBXBuildFile; fileRef = BA173C91247FA89000A40BA0 /* CategorySwitchListViewController.m */; };
		BA173CBA247FAF9D00A40BA0 /* HomeViewController.m in Sources */ = {isa = PBXBuildFile; fileRef = BA173CB9247FAF9D00A40BA0 /* HomeViewController.m */; };
		BA7A4B1C247D254400A00C05 /* BaseViewController.m in Sources */ = {isa = PBXBuildFile; fileRef = BA7A4B1B247D254400A00C05 /* BaseViewController.m */; };
		BA7A4B25247D261300A00C05 /* BaseNavigationViewController.m in Sources */ = {isa = PBXBuildFile; fileRef = BA7A4B24247D261300A00C05 /* BaseNavigationViewController.m */; };
		BABA2C20247CFCF100419F01 /* AppDelegate.m in Sources */ = {isa = PBXBuildFile; fileRef = BABA2C1F247CFCF100419F01 /* AppDelegate.m */; };
		BABA2C29247CFCF100419F01 /* Main.storyboard in Resources */ = {isa = PBXBuildFile; fileRef = BABA2C27247CFCF100419F01 /* Main.storyboard */; };
		BABA2C2B247CFCF100419F01 /* Assets.xcassets in Resources */ = {isa = PBXBuildFile; fileRef = BABA2C2A247CFCF100419F01 /* Assets.xcassets */; };
		BABA2C2E247CFCF100419F01 /* LaunchScreen.storyboard in Resources */ = {isa = PBXBuildFile; fileRef = BABA2C2C247CFCF100419F01 /* LaunchScreen.storyboard */; };
		BABA2C31247CFCF100419F01 /* main.m in Sources */ = {isa = PBXBuildFile; fileRef = BABA2C30247CFCF100419F01 /* main.m */; };
		BABA2C3B247CFCF100419F01 /* JC_NotesTests.m in Sources */ = {isa = PBXBuildFile; fileRef = BABA2C3A247CFCF100419F01 /* JC_NotesTests.m */; };
		BABA2C46247CFCF200419F01 /* JC_NotesUITests.m in Sources */ = {isa = PBXBuildFile; fileRef = BABA2C45247CFCF200419F01 /* JC_NotesUITests.m */; };
/* End PBXBuildFile section */

/* Begin PBXContainerItemProxy section */
		BABA2C37247CFCF100419F01 /* PBXContainerItemProxy */ = {
			isa = PBXContainerItemProxy;
			containerPortal = BABA2C13247CFCF100419F01 /* Project object */;
			proxyType = 1;
			remoteGlobalIDString = BABA2C1A247CFCF100419F01;
			remoteInfo = JC_Notes;
		};
		BABA2C42247CFCF200419F01 /* PBXContainerItemProxy */ = {
			isa = PBXContainerItemProxy;
			containerPortal = BABA2C13247CFCF100419F01 /* Project object */;
			proxyType = 1;
			remoteGlobalIDString = BABA2C1A247CFCF100419F01;
			remoteInfo = JC_Notes;
		};
/* End PBXContainerItemProxy section */

/* Begin PBXFileReference section */
		04E1077BC2BDA116C48573F7 /* Pods-JC_Notes.debug.xcconfig */ = {isa = PBXFileReference; includeInIndex = 1; lastKnownFileType = text.xcconfig; name = "Pods-JC_Notes.debug.xcconfig"; path = "Target Support Files/Pods-JC_Notes/Pods-JC_Notes.debug.xcconfig"; sourceTree = "<group>"; };
		3952D5BDE4ECB4551DE41149 /* libPods-JC_Notes.a */ = {isa = PBXFileReference; explicitFileType = archive.ar; includeInIndex = 0; path = "libPods-JC_Notes.a"; sourceTree = BUILT_PRODUCTS_DIR; };
		72342E5671C216D6D7AFE2EE /* Pods-JC_Notes.release.xcconfig */ = {isa = PBXFileReference; includeInIndex = 1; lastKnownFileType = text.xcconfig; name = "Pods-JC_Notes.release.xcconfig"; path = "Target Support Files/Pods-JC_Notes/Pods-JC_Notes.release.xcconfig"; sourceTree = "<group>"; };
		BA173C60247FA23C00A40BA0 /* JCPageControlView.h */ = {isa = PBXFileReference; fileEncoding = 4; lastKnownFileType = sourcecode.c.h; path = JCPageControlView.h; sourceTree = "<group>"; };
		BA173C61247FA23C00A40BA0 /* UIView+JCLayout.m */ = {isa = PBXFileReference; fileEncoding = 4; lastKnownFileType = sourcecode.c.objc; path = "UIView+JCLayout.m"; sourceTree = "<group>"; };
		BA173C62247FA23C00A40BA0 /* JCBannerView.m */ = {isa = PBXFileReference; fileEncoding = 4; lastKnownFileType = sourcecode.c.objc; path = JCBannerView.m; sourceTree = "<group>"; };
		BA173C63247FA23C00A40BA0 /* JCPageControlView.m */ = {isa = PBXFileReference; fileEncoding = 4; lastKnownFileType = sourcecode.c.objc; path = JCPageControlView.m; sourceTree = "<group>"; };
		BA173C64247FA23C00A40BA0 /* UIView+JCLayout.h */ = {isa = PBXFileReference; fileEncoding = 4; lastKnownFileType = sourcecode.c.h; path = "UIView+JCLayout.h"; sourceTree = "<group>"; };
		BA173C65247FA23C00A40BA0 /* JCBannerView.h */ = {isa = PBXFileReference; fileEncoding = 4; lastKnownFileType = sourcecode.c.h; path = JCBannerView.h; sourceTree = "<group>"; };
		BA173C8A247FA85F00A40BA0 /* JCBannerViewController.h */ = {isa = PBXFileReference; lastKnownFileType = sourcecode.c.h; path = JCBannerViewController.h; sourceTree = "<group>"; };
		BA173C8B247FA85F00A40BA0 /* JCBannerViewController.m */ = {isa = PBXFileReference; lastKnownFileType = sourcecode.c.objc; path = JCBannerViewController.m; sourceTree = "<group>"; };
		BA173C8D247FA87C00A40BA0 /* CategorySwitchViewController.h */ = {isa = PBXFileReference; lastKnownFileType = sourcecode.c.h; path = CategorySwitchViewController.h; sourceTree = "<group>"; };
		BA173C8E247FA87C00A40BA0 /* CategorySwitchViewController.m */ = {isa = PBXFileReference; lastKnownFileType = sourcecode.c.objc; path = CategorySwitchViewController.m; sourceTree = "<group>"; };
		BA173C90247FA89000A40BA0 /* CategorySwitchListViewController.h */ = {isa = PBXFileReference; lastKnownFileType = sourcecode.c.h; path = CategorySwitchListViewController.h; sourceTree = "<group>"; };
		BA173C91247FA89000A40BA0 /* CategorySwitchListViewController.m */ = {isa = PBXFileReference; lastKnownFileType = sourcecode.c.objc; path = CategorySwitchListViewController.m; sourceTree = "<group>"; };
		BA173C93247FA96500A40BA0 /* BaseHeader.h */ = {isa = PBXFileReference; lastKnownFileType = sourcecode.c.h; path = BaseHeader.h; sourceTree = "<group>"; };
		BA173CB8247FAF9D00A40BA0 /* HomeViewController.h */ = {isa = PBXFileReference; lastKnownFileType = sourcecode.c.h; path = HomeViewController.h; sourceTree = "<group>"; };
		BA173CB9247FAF9D00A40BA0 /* HomeViewController.m */ = {isa = PBXFileReference; lastKnownFileType = sourcecode.c.objc; path = HomeViewController.m; sourceTree = "<group>"; };
		BA7A4B1A247D254400A00C05 /* BaseViewController.h */ = {isa = PBXFileReference; lastKnownFileType = sourcecode.c.h; path = BaseViewController.h; sourceTree = "<group>"; };
		BA7A4B1B247D254400A00C05 /* BaseViewController.m */ = {isa = PBXFileReference; lastKnownFileType = sourcecode.c.objc; path = BaseViewController.m; sourceTree = "<group>"; };
		BA7A4B23247D261300A00C05 /* BaseNavigationViewController.h */ = {isa = PBXFileReference; lastKnownFileType = sourcecode.c.h; path = BaseNavigationViewController.h; sourceTree = "<group>"; };
		BA7A4B24247D261300A00C05 /* BaseNavigationViewController.m */ = {isa = PBXFileReference; lastKnownFileType = sourcecode.c.objc; path = BaseNavigationViewController.m; sourceTree = "<group>"; };
		BABA2C1B247CFCF100419F01 /* JC_Notes.app */ = {isa = PBXFileReference; explicitFileType = wrapper.application; includeInIndex = 0; path = JC_Notes.app; sourceTree = BUILT_PRODUCTS_DIR; };
		BABA2C1E247CFCF100419F01 /* AppDelegate.h */ = {isa = PBXFileReference; lastKnownFileType = sourcecode.c.h; path = AppDelegate.h; sourceTree = "<group>"; };
		BABA2C1F247CFCF100419F01 /* AppDelegate.m */ = {isa = PBXFileReference; lastKnownFileType = sourcecode.c.objc; path = AppDelegate.m; sourceTree = "<group>"; };
		BABA2C28247CFCF100419F01 /* Base */ = {isa = PBXFileReference; lastKnownFileType = file.storyboard; name = Base; path = Base.lproj/Main.storyboard; sourceTree = "<group>"; };
		BABA2C2A247CFCF100419F01 /* Assets.xcassets */ = {isa = PBXFileReference; lastKnownFileType = folder.assetcatalog; path = Assets.xcassets; sourceTree = "<group>"; };
		BABA2C2D247CFCF100419F01 /* Base */ = {isa = PBXFileReference; lastKnownFileType = file.storyboard; name = Base; path = Base.lproj/LaunchScreen.storyboard; sourceTree = "<group>"; };
		BABA2C2F247CFCF100419F01 /* Info.plist */ = {isa = PBXFileReference; lastKnownFileType = text.plist.xml; path = Info.plist; sourceTree = "<group>"; };
		BABA2C30247CFCF100419F01 /* main.m */ = {isa = PBXFileReference; lastKnownFileType = sourcecode.c.objc; path = main.m; sourceTree = "<group>"; };
		BABA2C36247CFCF100419F01 /* JC_NotesTests.xctest */ = {isa = PBXFileReference; explicitFileType = wrapper.cfbundle; includeInIndex = 0; path = JC_NotesTests.xctest; sourceTree = BUILT_PRODUCTS_DIR; };
		BABA2C3A247CFCF100419F01 /* JC_NotesTests.m */ = {isa = PBXFileReference; lastKnownFileType = sourcecode.c.objc; path = JC_NotesTests.m; sourceTree = "<group>"; };
		BABA2C3C247CFCF200419F01 /* Info.plist */ = {isa = PBXFileReference; lastKnownFileType = text.plist.xml; path = Info.plist; sourceTree = "<group>"; };
		BABA2C41247CFCF200419F01 /* JC_NotesUITests.xctest */ = {isa = PBXFileReference; explicitFileType = wrapper.cfbundle; includeInIndex = 0; path = JC_NotesUITests.xctest; sourceTree = BUILT_PRODUCTS_DIR; };
		BABA2C45247CFCF200419F01 /* JC_NotesUITests.m */ = {isa = PBXFileReference; lastKnownFileType = sourcecode.c.objc; path = JC_NotesUITests.m; sourceTree = "<group>"; };
		BABA2C47247CFCF200419F01 /* Info.plist */ = {isa = PBXFileReference; lastKnownFileType = text.plist.xml; path = Info.plist; sourceTree = "<group>"; };
/* End PBXFileReference section */

/* Begin PBXFrameworksBuildPhase section */
		BABA2C18247CFCF100419F01 /* Frameworks */ = {
			isa = PBXFrameworksBuildPhase;
			buildActionMask = 2147483647;
			files = (
				7BFB0586B416D14703C4D13C /* libPods-JC_Notes.a in Frameworks */,
			);
			runOnlyForDeploymentPostprocessing = 0;
		};
		BABA2C33247CFCF100419F01 /* Frameworks */ = {
			isa = PBXFrameworksBuildPhase;
			buildActionMask = 2147483647;
			files = (
			);
			runOnlyForDeploymentPostprocessing = 0;
		};
		BABA2C3E247CFCF200419F01 /* Frameworks */ = {
			isa = PBXFrameworksBuildPhase;
			buildActionMask = 2147483647;
			files = (
			);
			runOnlyForDeploymentPostprocessing = 0;
		};
/* End PBXFrameworksBuildPhase section */

/* Begin PBXGroup section */
		1D79ADFD2B0F0666F32B56CE /* Pods */ = {
			isa = PBXGroup;
			children = (
				04E1077BC2BDA116C48573F7 /* Pods-JC_Notes.debug.xcconfig */,
				72342E5671C216D6D7AFE2EE /* Pods-JC_Notes.release.xcconfig */,
			);
			path = Pods;
			sourceTree = "<group>";
		};
		BA173C55247FA12200A40BA0 /* 轮播图 */ = {
			isa = PBXGroup;
			children = (
				BA173C5F247FA23C00A40BA0 /* JCBannerView */,
				BA173C8A247FA85F00A40BA0 /* JCBannerViewController.h */,
				BA173C8B247FA85F00A40BA0 /* JCBannerViewController.m */,
			);
			path = "轮播图";
			sourceTree = "<group>";
		};
		BA173C5F247FA23C00A40BA0 /* JCBannerView */ = {
			isa = PBXGroup;
			children = (
				BA173C60247FA23C00A40BA0 /* JCPageControlView.h */,
				BA173C61247FA23C00A40BA0 /* UIView+JCLayout.m */,
				BA173C62247FA23C00A40BA0 /* JCBannerView.m */,
				BA173C63247FA23C00A40BA0 /* JCPageControlView.m */,
				BA173C64247FA23C00A40BA0 /* UIView+JCLayout.h */,
				BA173C65247FA23C00A40BA0 /* JCBannerView.h */,
			);
			path = JCBannerView;
			sourceTree = "<group>";
		};
		BA7A4B26247D266800A00C05 /* 公共类 */ = {
			isa = PBXGroup;
			children = (
				BA173CB8247FAF9D00A40BA0 /* HomeViewController.h */,
				BA173CB9247FAF9D00A40BA0 /* HomeViewController.m */,
				BA7A4B1A247D254400A00C05 /* BaseViewController.h */,
				BA7A4B1B247D254400A00C05 /* BaseViewController.m */,
				BA7A4B23247D261300A00C05 /* BaseNavigationViewController.h */,
				BA7A4B24247D261300A00C05 /* BaseNavigationViewController.m */,
				BA173C93247FA96500A40BA0 /* BaseHeader.h */,
			);
			path = "公共类";
			sourceTree = "<group>";
		};
		BA7A4B2E247D280700A00C05 /* 分类切换 */ = {
			isa = PBXGroup;
			children = (
				BA173C8D247FA87C00A40BA0 /* CategorySwitchViewController.h */,
				BA173C8E247FA87C00A40BA0 /* CategorySwitchViewController.m */,
				BA173C90247FA89000A40BA0 /* CategorySwitchListViewController.h */,
				BA173C91247FA89000A40BA0 /* CategorySwitchListViewController.m */,
			);
			path = "分类切换";
			sourceTree = "<group>";
		};
		BABA2C12247CFCF100419F01 = {
			isa = PBXGroup;
			children = (
				BABA2C1D247CFCF100419F01 /* JC_Notes */,
				BABA2C39247CFCF100419F01 /* JC_NotesTests */,
				BABA2C44247CFCF200419F01 /* JC_NotesUITests */,
				BABA2C1C247CFCF100419F01 /* Products */,
				1D79ADFD2B0F0666F32B56CE /* Pods */,
				EF9D0087B7350DABABF46B8A /* Frameworks */,
			);
			sourceTree = "<group>";
		};
		BABA2C1C247CFCF100419F01 /* Products */ = {
			isa = PBXGroup;
			children = (
				BABA2C1B247CFCF100419F01 /* JC_Notes.app */,
				BABA2C36247CFCF100419F01 /* JC_NotesTests.xctest */,
				BABA2C41247CFCF200419F01 /* JC_NotesUITests.xctest */,
			);
			name = Products;
			sourceTree = "<group>";
		};
		BABA2C1D247CFCF100419F01 /* JC_Notes */ = {
			isa = PBXGroup;
			children = (
				BA173C55247FA12200A40BA0 /* 轮播图 */,
				BA7A4B2E247D280700A00C05 /* 分类切换 */,
				BA7A4B26247D266800A00C05 /* 公共类 */,
				BABA2C1E247CFCF100419F01 /* AppDelegate.h */,
				BABA2C1F247CFCF100419F01 /* AppDelegate.m */,
				BABA2C27247CFCF100419F01 /* Main.storyboard */,
				BABA2C2A247CFCF100419F01 /* Assets.xcassets */,
				BABA2C2C247CFCF100419F01 /* LaunchScreen.storyboard */,
				BABA2C2F247CFCF100419F01 /* Info.plist */,
				BABA2C30247CFCF100419F01 /* main.m */,
			);
			path = JC_Notes;
			sourceTree = "<group>";
		};
		BABA2C39247CFCF100419F01 /* JC_NotesTests */ = {
			isa = PBXGroup;
			children = (
				BABA2C3A247CFCF100419F01 /* JC_NotesTests.m */,
				BABA2C3C247CFCF200419F01 /* Info.plist */,
			);
			path = JC_NotesTests;
			sourceTree = "<group>";
		};
		BABA2C44247CFCF200419F01 /* JC_NotesUITests */ = {
			isa = PBXGroup;
			children = (
				BABA2C45247CFCF200419F01 /* JC_NotesUITests.m */,
				BABA2C47247CFCF200419F01 /* Info.plist */,
			);
			path = JC_NotesUITests;
			sourceTree = "<group>";
		};
		EF9D0087B7350DABABF46B8A /* Frameworks */ = {
			isa = PBXGroup;
			children = (
				3952D5BDE4ECB4551DE41149 /* libPods-JC_Notes.a */,
			);
			name = Frameworks;
			sourceTree = "<group>";
		};
/* End PBXGroup section */

/* Begin PBXNativeTarget section */
		BABA2C1A247CFCF100419F01 /* JC_Notes */ = {
			isa = PBXNativeTarget;
			buildConfigurationList = BABA2C4A247CFCF200419F01 /* Build configuration list for PBXNativeTarget "JC_Notes" */;
			buildPhases = (
				B45B4742536DB1774AD19670 /* [CP] Check Pods Manifest.lock */,
				BABA2C17247CFCF100419F01 /* Sources */,
				BABA2C18247CFCF100419F01 /* Frameworks */,
				BABA2C19247CFCF100419F01 /* Resources */,
			);
			buildRules = (
			);
			dependencies = (
			);
			name = JC_Notes;
			productName = JC_Notes;
			productReference = BABA2C1B247CFCF100419F01 /* JC_Notes.app */;
			productType = "com.apple.product-type.application";
		};
		BABA2C35247CFCF100419F01 /* JC_NotesTests */ = {
			isa = PBXNativeTarget;
			buildConfigurationList = BABA2C4D247CFCF200419F01 /* Build configuration list for PBXNativeTarget "JC_NotesTests" */;
			buildPhases = (
				BABA2C32247CFCF100419F01 /* Sources */,
				BABA2C33247CFCF100419F01 /* Frameworks */,
				BABA2C34247CFCF100419F01 /* Resources */,
			);
			buildRules = (
			);
			dependencies = (
				BABA2C38247CFCF100419F01 /* PBXTargetDependency */,
			);
			name = JC_NotesTests;
			productName = JC_NotesTests;
			productReference = BABA2C36247CFCF100419F01 /* JC_NotesTests.xctest */;
			productType = "com.apple.product-type.bundle.unit-test";
		};
		BABA2C40247CFCF200419F01 /* JC_NotesUITests */ = {
			isa = PBXNativeTarget;
			buildConfigurationList = BABA2C50247CFCF200419F01 /* Build configuration list for PBXNativeTarget "JC_NotesUITests" */;
			buildPhases = (
				BABA2C3D247CFCF200419F01 /* Sources */,
				BABA2C3E247CFCF200419F01 /* Frameworks */,
				BABA2C3F247CFCF200419F01 /* Resources */,
			);
			buildRules = (
			);
			dependencies = (
				BABA2C43247CFCF200419F01 /* PBXTargetDependency */,
			);
			name = JC_NotesUITests;
			productName = JC_NotesUITests;
			productReference = BABA2C41247CFCF200419F01 /* JC_NotesUITests.xctest */;
			productType = "com.apple.product-type.bundle.ui-testing";
		};
/* End PBXNativeTarget section */

/* Begin PBXProject section */
		BABA2C13247CFCF100419F01 /* Project object */ = {
			isa = PBXProject;
			attributes = {
				LastUpgradeCheck = 1150;
				ORGANIZATIONNAME = "刘某某";
				TargetAttributes = {
					BABA2C1A247CFCF100419F01 = {
						CreatedOnToolsVersion = 11.5;
					};
					BABA2C35247CFCF100419F01 = {
						CreatedOnToolsVersion = 11.5;
						TestTargetID = BABA2C1A247CFCF100419F01;
					};
					BABA2C40247CFCF200419F01 = {
						CreatedOnToolsVersion = 11.5;
						TestTargetID = BABA2C1A247CFCF100419F01;
					};
				};
			};
			buildConfigurationList = BABA2C16247CFCF100419F01 /* Build configuration list for PBXProject "JC_Notes" */;
			compatibilityVersion = "Xcode 9.3";
			developmentRegion = en;
			hasScannedForEncodings = 0;
			knownRegions = (
				en,
				Base,
			);
			mainGroup = BABA2C12247CFCF100419F01;
			productRefGroup = BABA2C1C247CFCF100419F01 /* Products */;
			projectDirPath = "";
			projectRoot = "";
			targets = (
				BABA2C1A247CFCF100419F01 /* JC_Notes */,
				BABA2C35247CFCF100419F01 /* JC_NotesTests */,
				BABA2C40247CFCF200419F01 /* JC_NotesUITests */,
			);
		};
/* End PBXProject section */

/* Begin PBXResourcesBuildPhase section */
		BABA2C19247CFCF100419F01 /* Resources */ = {
			isa = PBXResourcesBuildPhase;
			buildActionMask = 2147483647;
			files = (
				BABA2C2E247CFCF100419F01 /* LaunchScreen.storyboard in Resources */,
				BABA2C2B247CFCF100419F01 /* Assets.xcassets in Resources */,
				BABA2C29247CFCF100419F01 /* Main.storyboard in Resources */,
			);
			runOnlyForDeploymentPostprocessing = 0;
		};
		BABA2C34247CFCF100419F01 /* Resources */ = {
			isa = PBXResourcesBuildPhase;
			buildActionMask = 2147483647;
			files = (
			);
			runOnlyForDeploymentPostprocessing = 0;
		};
		BABA2C3F247CFCF200419F01 /* Resources */ = {
			isa = PBXResourcesBuildPhase;
			buildActionMask = 2147483647;
			files = (
			);
			runOnlyForDeploymentPostprocessing = 0;
		};
/* End PBXResourcesBuildPhase section */

/* Begin PBXShellScriptBuildPhase section */
		B45B4742536DB1774AD19670 /* [CP] Check Pods Manifest.lock */ = {
			isa = PBXShellScriptBuildPhase;
			buildActionMask = 2147483647;
			files = (
			);
			inputFileListPaths = (
			);
			inputPaths = (
				"${PODS_PODFILE_DIR_PATH}/Podfile.lock",
				"${PODS_ROOT}/Manifest.lock",
			);
			name = "[CP] Check Pods Manifest.lock";
			outputFileListPaths = (
			);
			outputPaths = (
				"$(DERIVED_FILE_DIR)/Pods-JC_Notes-checkManifestLockResult.txt",
			);
			runOnlyForDeploymentPostprocessing = 0;
			shellPath = /bin/sh;
			shellScript = "diff \"${PODS_PODFILE_DIR_PATH}/Podfile.lock\" \"${PODS_ROOT}/Manifest.lock\" > /dev/null\nif [ $? != 0 ] ; then\n    # print error to STDERR\n    echo \"error: The sandbox is not in sync with the Podfile.lock. Run 'pod install' or update your CocoaPods installation.\" >&2\n    exit 1\nfi\n# This output is used by Xcode 'outputs' to avoid re-running this script phase.\necho \"SUCCESS\" > \"${SCRIPT_OUTPUT_FILE_0}\"\n";
			showEnvVarsInLog = 0;
		};
/* End PBXShellScriptBuildPhase section */

/* Begin PBXSourcesBuildPhase section */
		BABA2C17247CFCF100419F01 /* Sources */ = {
			isa = PBXSourcesBuildPhase;
			buildActionMask = 2147483647;
			files = (
				BA173C8F247FA87C00A40BA0 /* CategorySwitchViewController.m in Sources */,
				BABA2C20247CFCF100419F01 /* AppDelegate.m in Sources */,
				BA173C92247FA89000A40BA0 /* CategorySwitchListViewController.m in Sources */,
				BA7A4B1C247D254400A00C05 /* BaseViewController.m in Sources */,
				BABA2C31247CFCF100419F01 /* main.m in Sources */,
				BA173C68247FA23C00A40BA0 /* JCPageControlView.m in Sources */,
				BA173CBA247FAF9D00A40BA0 /* HomeViewController.m in Sources */,
				BA7A4B25247D261300A00C05 /* BaseNavigationViewController.m in Sources */,
				BA173C8C247FA85F00A40BA0 /* JCBannerViewController.m in Sources */,
				BA173C66247FA23C00A40BA0 /* UIView+JCLayout.m in Sources */,
				BA173C67247FA23C00A40BA0 /* JCBannerView.m in Sources */,
			);
			runOnlyForDeploymentPostprocessing = 0;
		};
		BABA2C32247CFCF100419F01 /* Sources */ = {
			isa = PBXSourcesBuildPhase;
			buildActionMask = 2147483647;
			files = (
				BABA2C3B247CFCF100419F01 /* JC_NotesTests.m in Sources */,
			);
			runOnlyForDeploymentPostprocessing = 0;
		};
		BABA2C3D247CFCF200419F01 /* Sources */ = {
			isa = PBXSourcesBuildPhase;
			buildActionMask = 2147483647;
			files = (
				BABA2C46247CFCF200419F01 /* JC_NotesUITests.m in Sources */,
			);
			runOnlyForDeploymentPostprocessing = 0;
		};
/* End PBXSourcesBuildPhase section */

/* Begin PBXTargetDependency section */
		BABA2C38247CFCF100419F01 /* PBXTargetDependency */ = {
			isa = PBXTargetDependency;
			target = BABA2C1A247CFCF100419F01 /* JC_Notes */;
			targetProxy = BABA2C37247CFCF100419F01 /* PBXContainerItemProxy */;
		};
		BABA2C43247CFCF200419F01 /* PBXTargetDependency */ = {
			isa = PBXTargetDependency;
			target = BABA2C1A247CFCF100419F01 /* JC_Notes */;
			targetProxy = BABA2C42247CFCF200419F01 /* PBXContainerItemProxy */;
		};
/* End PBXTargetDependency section */

/* Begin PBXVariantGroup section */
		BABA2C27247CFCF100419F01 /* Main.storyboard */ = {
			isa = PBXVariantGroup;
			children = (
				BABA2C28247CFCF100419F01 /* Base */,
			);
			name = Main.storyboard;
			sourceTree = "<group>";
		};
		BABA2C2C247CFCF100419F01 /* LaunchScreen.storyboard */ = {
			isa = PBXVariantGroup;
			children = (
				BABA2C2D247CFCF100419F01 /* Base */,
			);
			name = LaunchScreen.storyboard;
			sourceTree = "<group>";
		};
/* End PBXVariantGroup section */

/* Begin XCBuildConfiguration section */
		BABA2C48247CFCF200419F01 /* Debug */ = {
			isa = XCBuildConfiguration;
			buildSettings = {
				ALWAYS_SEARCH_USER_PATHS = NO;
				CLANG_ANALYZER_NONNULL = YES;
				CLANG_ANALYZER_NUMBER_OBJECT_CONVERSION = YES_AGGRESSIVE;
				CLANG_CXX_LANGUAGE_STANDARD = "gnu++14";
				CLANG_CXX_LIBRARY = "libc++";
				CLANG_ENABLE_MODULES = YES;
				CLANG_ENABLE_OBJC_ARC = YES;
				CLANG_ENABLE_OBJC_WEAK = YES;
				CLANG_WARN_BLOCK_CAPTURE_AUTORELEASING = YES;
				CLANG_WARN_BOOL_CONVERSION = YES;
				CLANG_WARN_COMMA = YES;
				CLANG_WARN_CONSTANT_CONVERSION = YES;
				CLANG_WARN_DEPRECATED_OBJC_IMPLEMENTATIONS = YES;
				CLANG_WARN_DIRECT_OBJC_ISA_USAGE = YES_ERROR;
				CLANG_WARN_DOCUMENTATION_COMMENTS = YES;
				CLANG_WARN_EMPTY_BODY = YES;
				CLANG_WARN_ENUM_CONVERSION = YES;
				CLANG_WARN_INFINITE_RECURSION = YES;
				CLANG_WARN_INT_CONVERSION = YES;
				CLANG_WARN_NON_LITERAL_NULL_CONVERSION = YES;
				CLANG_WARN_OBJC_IMPLICIT_RETAIN_SELF = YES;
				CLANG_WARN_OBJC_LITERAL_CONVERSION = YES;
				CLANG_WARN_OBJC_ROOT_CLASS = YES_ERROR;
				CLANG_WARN_RANGE_LOOP_ANALYSIS = YES;
				CLANG_WARN_STRICT_PROTOTYPES = YES;
				CLANG_WARN_SUSPICIOUS_MOVE = YES;
				CLANG_WARN_UNGUARDED_AVAILABILITY = YES_AGGRESSIVE;
				CLANG_WARN_UNREACHABLE_CODE = YES;
				CLANG_WARN__DUPLICATE_METHOD_MATCH = YES;
				COPY_PHASE_STRIP = NO;
				DEBUG_INFORMATION_FORMAT = dwarf;
				ENABLE_STRICT_OBJC_MSGSEND = YES;
				ENABLE_TESTABILITY = YES;
				GCC_C_LANGUAGE_STANDARD = gnu11;
				GCC_DYNAMIC_NO_PIC = NO;
				GCC_NO_COMMON_BLOCKS = YES;
				GCC_OPTIMIZATION_LEVEL = 0;
				GCC_PREPROCESSOR_DEFINITIONS = (
					"DEBUG=1",
					"$(inherited)",
				);
				GCC_WARN_64_TO_32_BIT_CONVERSION = YES;
				GCC_WARN_ABOUT_RETURN_TYPE = YES_ERROR;
				GCC_WARN_UNDECLARED_SELECTOR = YES;
				GCC_WARN_UNINITIALIZED_AUTOS = YES_AGGRESSIVE;
				GCC_WARN_UNUSED_FUNCTION = YES;
				GCC_WARN_UNUSED_VARIABLE = YES;
				IPHONEOS_DEPLOYMENT_TARGET = 13.5;
				MTL_ENABLE_DEBUG_INFO = INCLUDE_SOURCE;
				MTL_FAST_MATH = YES;
				ONLY_ACTIVE_ARCH = YES;
				SDKROOT = iphoneos;
			};
			name = Debug;
		};
		BABA2C49247CFCF200419F01 /* Release */ = {
			isa = XCBuildConfiguration;
			buildSettings = {
				ALWAYS_SEARCH_USER_PATHS = NO;
				CLANG_ANALYZER_NONNULL = YES;
				CLANG_ANALYZER_NUMBER_OBJECT_CONVERSION = YES_AGGRESSIVE;
				CLANG_CXX_LANGUAGE_STANDARD = "gnu++14";
				CLANG_CXX_LIBRARY = "libc++";
				CLANG_ENABLE_MODULES = YES;
				CLANG_ENABLE_OBJC_ARC = YES;
				CLANG_ENABLE_OBJC_WEAK = YES;
				CLANG_WARN_BLOCK_CAPTURE_AUTORELEASING = YES;
				CLANG_WARN_BOOL_CONVERSION = YES;
				CLANG_WARN_COMMA = YES;
				CLANG_WARN_CONSTANT_CONVERSION = YES;
				CLANG_WARN_DEPRECATED_OBJC_IMPLEMENTATIONS = YES;
				CLANG_WARN_DIRECT_OBJC_ISA_USAGE = YES_ERROR;
				CLANG_WARN_DOCUMENTATION_COMMENTS = YES;
				CLANG_WARN_EMPTY_BODY = YES;
				CLANG_WARN_ENUM_CONVERSION = YES;
				CLANG_WARN_INFINITE_RECURSION = YES;
				CLANG_WARN_INT_CONVERSION = YES;
				CLANG_WARN_NON_LITERAL_NULL_CONVERSION = YES;
				CLANG_WARN_OBJC_IMPLICIT_RETAIN_SELF = YES;
				CLANG_WARN_OBJC_LITERAL_CONVERSION = YES;
				CLANG_WARN_OBJC_ROOT_CLASS = YES_ERROR;
				CLANG_WARN_RANGE_LOOP_ANALYSIS = YES;
				CLANG_WARN_STRICT_PROTOTYPES = YES;
				CLANG_WARN_SUSPICIOUS_MOVE = YES;
				CLANG_WARN_UNGUARDED_AVAILABILITY = YES_AGGRESSIVE;
				CLANG_WARN_UNREACHABLE_CODE = YES;
				CLANG_WARN__DUPLICATE_METHOD_MATCH = YES;
				COPY_PHASE_STRIP = NO;
				DEBUG_INFORMATION_FORMAT = "dwarf-with-dsym";
				ENABLE_NS_ASSERTIONS = NO;
				ENABLE_STRICT_OBJC_MSGSEND = YES;
				GCC_C_LANGUAGE_STANDARD = gnu11;
				GCC_NO_COMMON_BLOCKS = YES;
				GCC_WARN_64_TO_32_BIT_CONVERSION = YES;
				GCC_WARN_ABOUT_RETURN_TYPE = YES_ERROR;
				GCC_WARN_UNDECLARED_SELECTOR = YES;
				GCC_WARN_UNINITIALIZED_AUTOS = YES_AGGRESSIVE;
				GCC_WARN_UNUSED_FUNCTION = YES;
				GCC_WARN_UNUSED_VARIABLE = YES;
				IPHONEOS_DEPLOYMENT_TARGET = 13.5;
				MTL_ENABLE_DEBUG_INFO = NO;
				MTL_FAST_MATH = YES;
				SDKROOT = iphoneos;
				VALIDATE_PRODUCT = YES;
			};
			name = Release;
		};
		BABA2C4B247CFCF200419F01 /* Debug */ = {
			isa = XCBuildConfiguration;
			baseConfigurationReference = 04E1077BC2BDA116C48573F7 /* Pods-JC_Notes.debug.xcconfig */;
			buildSettings = {
				ASSETCATALOG_COMPILER_APPICON_NAME = AppIcon;
				CODE_SIGN_IDENTITY = "iPhone Developer";
				CODE_SIGN_STYLE = Manual;
				DEVELOPMENT_TEAM = 927T384N62;
				INFOPLIST_FILE = JC_Notes/Info.plist;
				LD_RUNPATH_SEARCH_PATHS = (
					"$(inherited)",
					"@executable_path/Frameworks",
				);
				PRODUCT_BUNDLE_IDENTIFIER = com.ronglian.newrongxin;
				PRODUCT_NAME = "$(TARGET_NAME)";
				PROVISIONING_PROFILE_SPECIFIER = newrongxinprofile;
				TARGETED_DEVICE_FAMILY = "1,2";
			};
			name = Debug;
		};
		BABA2C4C247CFCF200419F01 /* Release */ = {
			isa = XCBuildConfiguration;
			baseConfigurationReference = 72342E5671C216D6D7AFE2EE /* Pods-JC_Notes.release.xcconfig */;
			buildSettings = {
				ASSETCATALOG_COMPILER_APPICON_NAME = AppIcon;
				CODE_SIGN_IDENTITY = "iPhone Developer";
				CODE_SIGN_STYLE = Manual;
				DEVELOPMENT_TEAM = 927T384N62;
				INFOPLIST_FILE = JC_Notes/Info.plist;
				LD_RUNPATH_SEARCH_PATHS = (
					"$(inherited)",
					"@executable_path/Frameworks",
				);
				PRODUCT_BUNDLE_IDENTIFIER = com.ronglian.newrongxin;
				PRODUCT_NAME = "$(TARGET_NAME)";
				PROVISIONING_PROFILE_SPECIFIER = newrongxinprofile;
				TARGETED_DEVICE_FAMILY = "1,2";
			};
			name = Release;
		};
		BABA2C4E247CFCF200419F01 /* Debug */ = {
			isa = XCBuildConfiguration;
			buildSettings = {
				BUNDLE_LOADER = "$(TEST_HOST)";
				CODE_SIGN_STYLE = Automatic;
				INFOPLIST_FILE = JC_NotesTests/Info.plist;
				IPHONEOS_DEPLOYMENT_TARGET = 13.5;
				LD_RUNPATH_SEARCH_PATHS = (
					"$(inherited)",
					"@executable_path/Frameworks",
					"@loader_path/Frameworks",
				);
				PRODUCT_BUNDLE_IDENTIFIER = "JC.JC-NotesTests";
				PRODUCT_NAME = "$(TARGET_NAME)";
				TARGETED_DEVICE_FAMILY = "1,2";
				TEST_HOST = "$(BUILT_PRODUCTS_DIR)/JC_Notes.app/JC_Notes";
			};
			name = Debug;
		};
		BABA2C4F247CFCF200419F01 /* Release */ = {
			isa = XCBuildConfiguration;
			buildSettings = {
				BUNDLE_LOADER = "$(TEST_HOST)";
				CODE_SIGN_STYLE = Automatic;
				INFOPLIST_FILE = JC_NotesTests/Info.plist;
				IPHONEOS_DEPLOYMENT_TARGET = 13.5;
				LD_RUNPATH_SEARCH_PATHS = (
					"$(inherited)",
					"@executable_path/Frameworks",
					"@loader_path/Frameworks",
				);
				PRODUCT_BUNDLE_IDENTIFIER = "JC.JC-NotesTests";
				PRODUCT_NAME = "$(TARGET_NAME)";
				TARGETED_DEVICE_FAMILY = "1,2";
				TEST_HOST = "$(BUILT_PRODUCTS_DIR)/JC_Notes.app/JC_Notes";
			};
			name = Release;
		};
		BABA2C51247CFCF200419F01 /* Debug */ = {
			isa = XCBuildConfiguration;
			buildSettings = {
				CODE_SIGN_STYLE = Automatic;
				INFOPLIST_FILE = JC_NotesUITests/Info.plist;
				LD_RUNPATH_SEARCH_PATHS = (
					"$(inherited)",
					"@executable_path/Frameworks",
					"@loader_path/Frameworks",
				);
				PRODUCT_BUNDLE_IDENTIFIER = "JC.JC-NotesUITests";
				PRODUCT_NAME = "$(TARGET_NAME)";
				TARGETED_DEVICE_FAMILY = "1,2";
				TEST_TARGET_NAME = JC_Notes;
			};
			name = Debug;
		};
		BABA2C52247CFCF200419F01 /* Release */ = {
			isa = XCBuildConfiguration;
			buildSettings = {
				CODE_SIGN_STYLE = Automatic;
				INFOPLIST_FILE = JC_NotesUITests/Info.plist;
				LD_RUNPATH_SEARCH_PATHS = (
					"$(inherited)",
					"@executable_path/Frameworks",
					"@loader_path/Frameworks",
				);
				PRODUCT_BUNDLE_IDENTIFIER = "JC.JC-NotesUITests";
				PRODUCT_NAME = "$(TARGET_NAME)";
				TARGETED_DEVICE_FAMILY = "1,2";
				TEST_TARGET_NAME = JC_Notes;
			};
			name = Release;
		};
/* End XCBuildConfiguration section */

/* Begin XCConfigurationList section */
		BABA2C16247CFCF100419F01 /* Build configuration list for PBXProject "JC_Notes" */ = {
			isa = XCConfigurationList;
			buildConfigurations = (
				BABA2C48247CFCF200419F01 /* Debug */,
				BABA2C49247CFCF200419F01 /* Release */,
			);
			defaultConfigurationIsVisible = 0;
			defaultConfigurationName = Release;
		};
		BABA2C4A247CFCF200419F01 /* Build configuration list for PBXNativeTarget "JC_Notes" */ = {
			isa = XCConfigurationList;
			buildConfigurations = (
				BABA2C4B247CFCF200419F01 /* Debug */,
				BABA2C4C247CFCF200419F01 /* Release */,
			);
			defaultConfigurationIsVisible = 0;
			defaultConfigurationName = Release;
		};
		BABA2C4D247CFCF200419F01 /* Build configuration list for PBXNativeTarget "JC_NotesTests" */ = {
			isa = XCConfigurationList;
			buildConfigurations = (
				BABA2C4E247CFCF200419F01 /* Debug */,
				BABA2C4F247CFCF200419F01 /* Release */,
			);
			defaultConfigurationIsVisible = 0;
			defaultConfigurationName = Release;
		};
		BABA2C50247CFCF200419F01 /* Build configuration list for PBXNativeTarget "JC_NotesUITests" */ = {
			isa = XCConfigurationList;
			buildConfigurations = (
				BABA2C51247CFCF200419F01 /* Debug */,
				BABA2C52247CFCF200419F01 /* Release */,
			);
			defaultConfigurationIsVisible = 0;
			defaultConfigurationName = Release;
		};
/* End XCConfigurationList section */
	};
	rootObject = BABA2C13247CFCF100419F01 /* Project object */;
}
